
Microsoft Visual Studio Solution File, Format Version 12.00
# Visual Studio 15
VisualStudioVersion = 15.0.28307.168
MinimumVisualStudioVersion = 10.0.40219.1
Project("{FAE04EC0-301F-11D3-BF4B-00C04F79EFBC}") = "IConGenerator", "IConGenerator\IConGenerator.csproj", "{EC453337-B218-433B-8184-FA7CC34CE053}"
EndProject
Global
	GlobalSection(SolutionConfigurationPlatforms) = preSolution
		Debug|Any CPU = Debug|Any CPU
		Release|Any CPU = Release|Any CPU
	EndGlobalSection
	GlobalSection(ProjectConfigurationPlatforms) = postSolution
		{EC453337-B218-433B-8184-FA7CC34CE053}.Debug|Any CPU.ActiveCfg = Debug|Any CPU
		{EC453337-B218-433B-8184-FA7CC34CE053}.Debug|Any CPU.Build.0 = Debug|Any CPU
		{EC453337-B218-433B-8184-FA7CC34CE053}.Release|Any CPU.ActiveCfg = Release|Any CPU
		{EC453337-B218-433B-8184-FA7CC34CE053}.Release|Any CPU.Build.0 = Release|Any CPU
	EndGlobalSection
	GlobalSection(SolutionProperties) = preSolution
		HideSolutionNode = FALSE
	EndGlobalSection
	GlobalSection(ExtensibilityGlobals) = postSolution
		SolutionGuid = {483B98CB-F21D-4E65-AE72-914BD7909269}
	EndGlobalSection
EndGlobal
